
Microsoft Visual Studio Solution File, Format Version 12.00
# Visual Studio Version 16
VisualStudioVersion = 16.0.33027.164
MinimumVisualStudioVersion = 10.0.40219.1
Project("{FAE04EC0-301F-11D3-BF4B-00C04F79EFBC}") = "6 парк 4зад", "6 парк 4зад\6 парк 4зад.csproj", "{42FEF5D8-F7D4-4211-BC39-10D22E387589}"
EndProject
Global
	GlobalSection(SolutionConfigurationPlatforms) = preSolution
		Debug|Any CPU = Debug|Any CPU
		Release|Any CPU = Release|Any CPU
	EndGlobalSection
	GlobalSection(ProjectConfigurationPlatforms) = postSolution
		{42FEF5D8-F7D4-4211-BC39-10D22E387589}.Debug|Any CPU.ActiveCfg = Debug|Any CPU
		{42FEF5D8-F7D4-4211-BC39-10D22E387589}.Debug|Any CPU.Build.0 = Debug|Any CPU
		{42FEF5D8-F7D4-4211-BC39-10D22E387589}.Release|Any CPU.ActiveCfg = Release|Any CPU
		{42FEF5D8-F7D4-4211-BC39-10D22E387589}.Release|Any CPU.Build.0 = Release|Any CPU
	EndGlobalSection
	GlobalSection(SolutionProperties) = preSolution
		HideSolutionNode = FALSE
	EndGlobalSection
	GlobalSection(ExtensibilityGlobals) = postSolution
		SolutionGuid = {5777FC95-EA1F-4207-B5D3-83D8A2A19142}
	EndGlobalSection
EndGlobal
